
Microsoft Visual Studio Solution File, Format Version 12.00
# Visual Studio Version 17
VisualStudioVersion = 17.0.31903.59
MinimumVisualStudioVersion = 10.0.40219.1
Project("{F2A71F9B-5D33-465A-A702-920D77279786}") = "GPhotoServer", "src\GPhotoServer.fsproj", "{AA4E75EA-2EE2-4677-8A02-9F74286FAF9D}"
EndProject
Project("{2150E333-8FDC-42A3-9474-1A3956D46DE8}") = "src", "src", "{14F31D36-C565-4736-96DE-E2454C92F094}"
EndProject
Project("{2150E333-8FDC-42A3-9474-1A3956D46DE8}") = "Libs", "Libs", "{3BCBEC08-F4CC-42AB-9536-DB09E57027FD}"
EndProject
Project("{FAE04EC0-301F-11D3-BF4B-00C04F79EFBC}") = "LibGPhoto2", "src\Libs\LibGPhoto2\LibGPhoto2.csproj", "{BDE580DB-CF58-4FCB-B63F-505F61241E35}"
EndProject
Global
	GlobalSection(SolutionConfigurationPlatforms) = preSolution
		Debug|Any CPU = Debug|Any CPU
		Release|Any CPU = Release|Any CPU
	EndGlobalSection
	GlobalSection(SolutionProperties) = preSolution
		HideSolutionNode = FALSE
	EndGlobalSection
	GlobalSection(ProjectConfigurationPlatforms) = postSolution
		{AA4E75EA-2EE2-4677-8A02-9F74286FAF9D}.Debug|Any CPU.ActiveCfg = Debug|Any CPU
		{AA4E75EA-2EE2-4677-8A02-9F74286FAF9D}.Debug|Any CPU.Build.0 = Debug|Any CPU
		{AA4E75EA-2EE2-4677-8A02-9F74286FAF9D}.Release|Any CPU.ActiveCfg = Release|Any CPU
		{AA4E75EA-2EE2-4677-8A02-9F74286FAF9D}.Release|Any CPU.Build.0 = Release|Any CPU
		{BDE580DB-CF58-4FCB-B63F-505F61241E35}.Debug|Any CPU.ActiveCfg = Debug|Any CPU
		{BDE580DB-CF58-4FCB-B63F-505F61241E35}.Debug|Any CPU.Build.0 = Debug|Any CPU
		{BDE580DB-CF58-4FCB-B63F-505F61241E35}.Release|Any CPU.ActiveCfg = Release|Any CPU
		{BDE580DB-CF58-4FCB-B63F-505F61241E35}.Release|Any CPU.Build.0 = Release|Any CPU
	EndGlobalSection
	GlobalSection(NestedProjects) = preSolution
		{3BCBEC08-F4CC-42AB-9536-DB09E57027FD} = {14F31D36-C565-4736-96DE-E2454C92F094}
		{BDE580DB-CF58-4FCB-B63F-505F61241E35} = {3BCBEC08-F4CC-42AB-9536-DB09E57027FD}
	EndGlobalSection
EndGlobal
