
Microsoft Visual Studio Solution File, Format Version 12.00
# Visual Studio Version 17
VisualStudioVersion = 17.5.002.0
MinimumVisualStudioVersion = 10.0.40219.1
Project("{9A19103F-16F7-4668-BE54-9A1E7A4F7556}") = "LibGPhoto2", "LibGPhoto2.csproj", "{B2E1A7A2-17B3-4FF6-B686-0B7BCBF57B87}"
EndProject
Global
	GlobalSection(SolutionConfigurationPlatforms) = preSolution
		Debug|Any CPU = Debug|Any CPU
		Release|Any CPU = Release|Any CPU
	EndGlobalSection
	GlobalSection(ProjectConfigurationPlatforms) = postSolution
		{B2E1A7A2-17B3-4FF6-B686-0B7BCBF57B87}.Debug|Any CPU.ActiveCfg = Debug|Any CPU
		{B2E1A7A2-17B3-4FF6-B686-0B7BCBF57B87}.Debug|Any CPU.Build.0 = Debug|Any CPU
		{B2E1A7A2-17B3-4FF6-B686-0B7BCBF57B87}.Release|Any CPU.ActiveCfg = Release|Any CPU
		{B2E1A7A2-17B3-4FF6-B686-0B7BCBF57B87}.Release|Any CPU.Build.0 = Release|Any CPU
	EndGlobalSection
	GlobalSection(SolutionProperties) = preSolution
		HideSolutionNode = FALSE
	EndGlobalSection
	GlobalSection(ExtensibilityGlobals) = postSolution
		SolutionGuid = {69C6A4E3-4B4E-4152-B608-A93C81D1D232}
	EndGlobalSection
EndGlobal
